
Microsoft Visual Studio Solution File, Format Version 12.00
# Visual Studio Version 17
VisualStudioVersion = 17.10.35122.118
MinimumVisualStudioVersion = 10.0.40219.1
Project("{2150E333-8FDC-42A3-9474-1A3956D46DE8}") = "Services", "Services", "{B9B478FA-11D0-42AB-95DB-8D0124047981}"
EndProject
Project("{2150E333-8FDC-42A3-9474-1A3956D46DE8}") = "Catalog", "Catalog", "{E8B28F41-89E6-4081-917F-E1B694B685FC}"
EndProject
Project("{9A19103F-16F7-4668-BE54-9A1E7A4F7556}") = "Catalog.API", "Services\Catalog\Catalog.API\Catalog.API.csproj", "{8B65D894-3270-48A1-BA32-9BA874B0F765}"
EndProject
Project("{2150E333-8FDC-42A3-9474-1A3956D46DE8}") = "BuildingBlocks", "BuildingBlocks", "{C76C0584-5587-47B0-B491-9255D171A4F9}"
EndProject
Project("{FAE04EC0-301F-11D3-BF4B-00C04F79EFBC}") = "BuildingBlocks", "BuildingBlocks\BuildingBlocks\BuildingBlocks.csproj", "{758F4709-99C6-4DFD-AC4F-D927FCF3139A}"
EndProject
Global
	GlobalSection(SolutionConfigurationPlatforms) = preSolution
		Debug|Any CPU = Debug|Any CPU
		Release|Any CPU = Release|Any CPU
	EndGlobalSection
	GlobalSection(ProjectConfigurationPlatforms) = postSolution
		{8B65D894-3270-48A1-BA32-9BA874B0F765}.Debug|Any CPU.ActiveCfg = Debug|Any CPU
		{8B65D894-3270-48A1-BA32-9BA874B0F765}.Debug|Any CPU.Build.0 = Debug|Any CPU
		{8B65D894-3270-48A1-BA32-9BA874B0F765}.Release|Any CPU.ActiveCfg = Release|Any CPU
		{8B65D894-3270-48A1-BA32-9BA874B0F765}.Release|Any CPU.Build.0 = Release|Any CPU
		{758F4709-99C6-4DFD-AC4F-D927FCF3139A}.Debug|Any CPU.ActiveCfg = Debug|Any CPU
		{758F4709-99C6-4DFD-AC4F-D927FCF3139A}.Debug|Any CPU.Build.0 = Debug|Any CPU
		{758F4709-99C6-4DFD-AC4F-D927FCF3139A}.Release|Any CPU.ActiveCfg = Release|Any CPU
		{758F4709-99C6-4DFD-AC4F-D927FCF3139A}.Release|Any CPU.Build.0 = Release|Any CPU
	EndGlobalSection
	GlobalSection(SolutionProperties) = preSolution
		HideSolutionNode = FALSE
	EndGlobalSection
	GlobalSection(NestedProjects) = preSolution
		{E8B28F41-89E6-4081-917F-E1B694B685FC} = {B9B478FA-11D0-42AB-95DB-8D0124047981}
		{8B65D894-3270-48A1-BA32-9BA874B0F765} = {E8B28F41-89E6-4081-917F-E1B694B685FC}
		{758F4709-99C6-4DFD-AC4F-D927FCF3139A} = {C76C0584-5587-47B0-B491-9255D171A4F9}
	EndGlobalSection
	GlobalSection(ExtensibilityGlobals) = postSolution
		SolutionGuid = {5CEE1688-6A4C-4FEA-BDE2-92441292EE8E}
	EndGlobalSection
EndGlobal
